// !$*UTF8*$!
{
	archiveVersion = 1;
	classes = {
	};
	objectVersion = 46;
	objects = {

/* Begin PBXBuildFile section */
		6D41B2E11A232A9300DC79FF /* Foundation.framework in Frameworks */ = {isa = PBXBuildFile; fileRef = 6D41B2E01A232A9300DC79FF /* Foundation.framework */; };
		6D41B2E31A232A9300DC79FF /* CoreGraphics.framework in Frameworks */ = {isa = PBXBuildFile; fileRef = 6D41B2E21A232A9300DC79FF /* CoreGraphics.framework */; };
		6D41B2E51A232A9300DC79FF /* UIKit.framework in Frameworks */ = {isa = PBXBuildFile; fileRef = 6D41B2E41A232A9300DC79FF /* UIKit.framework */; };
		6D41B2EB1A232A9300DC79FF /* InfoPlist.strings in Resources */ = {isa = PBXBuildFile; fileRef = 6D41B2E91A232A9300DC79FF /* InfoPlist.strings */; };
		6D41B2ED1A232A9300DC79FF /* main.m in Sources */ = {isa = PBXBuildFile; fileRef = 6D41B2EC1A232A9300DC79FF /* main.m */; };
		6D41B2F11A232A9300DC79FF /* AppDelegate.m in Sources */ = {isa = PBXBuildFile; fileRef = 6D41B2F01A232A9300DC79FF /* AppDelegate.m */; };
		6D41B2F41A232A9300DC79FF /* Main.storyboard in Resources */ = {isa = PBXBuildFile; fileRef = 6D41B2F21A232A9300DC79FF /* Main.storyboard */; };
		6D41B2F71A232A9300DC79FF /* LocalViewController.m in Sources */ = {isa = PBXBuildFile; fileRef = 6D41B2F61A232A9300DC79FF /* LocalViewController.m */; };
		6D41B2FA1A232A9300DC79FF /* CloudViewController.m in Sources */ = {isa = PBXBuildFile; fileRef = 6D41B2F91A232A9300DC79FF /* CloudViewController.m */; };
		6D41B2FC1A232A9300DC79FF /* Images.xcassets in Resources */ = {isa = PBXBuildFile; fileRef = 6D41B2FB1A232A9300DC79FF /* Images.xcassets */; };
		6D41B3031A232A9300DC79FF /* XCTest.framework in Frameworks */ = {isa = PBXBuildFile; fileRef = 6D41B3021A232A9300DC79FF /* XCTest.framework */; };
		6D41B3041A232A9300DC79FF /* Foundation.framework in Frameworks */ = {isa = PBXBuildFile; fileRef = 6D41B2E01A232A9300DC79FF /* Foundation.framework */; };
		6D41B3051A232A9300DC79FF /* UIKit.framework in Frameworks */ = {isa = PBXBuildFile; fileRef = 6D41B2E41A232A9300DC79FF /* UIKit.framework */; };
		6D41B30D1A232A9300DC79FF /* InfoPlist.strings in Resources */ = {isa = PBXBuildFile; fileRef = 6D41B30B1A232A9300DC79FF /* InfoPlist.strings */; };
		6D41B30F1A232A9300DC79FF /* ephotoTests.m in Sources */ = {isa = PBXBuildFile; fileRef = 6D41B30E1A232A9300DC79FF /* ephotoTests.m */; };
		6D41B3191A23579A00DC79FF /* Dropbox.framework in Frameworks */ = {isa = PBXBuildFile; fileRef = 6D41B3181A23579A00DC79FF /* Dropbox.framework */; };
		6D41B31B1A2357C200DC79FF /* CFNetwork.framework in Frameworks */ = {isa = PBXBuildFile; fileRef = 6D41B31A1A2357C200DC79FF /* CFNetwork.framework */; };
		6D41B31D1A2357CA00DC79FF /* libc++.dylib in Frameworks */ = {isa = PBXBuildFile; fileRef = 6D41B31C1A2357CA00DC79FF /* libc++.dylib */; };
		6D41B31F1A2357D100DC79FF /* libz.dylib in Frameworks */ = {isa = PBXBuildFile; fileRef = 6D41B31E1A2357D100DC79FF /* libz.dylib */; };
		6D41B3211A2358A400DC79FF /* Security.framework in Frameworks */ = {isa = PBXBuildFile; fileRef = 6D41B3201A2358A400DC79FF /* Security.framework */; };
		6D41B3231A2358AD00DC79FF /* SystemConfiguration.framework in Frameworks */ = {isa = PBXBuildFile; fileRef = 6D41B3221A2358AD00DC79FF /* SystemConfiguration.framework */; };
		6D41B3251A2358B400DC79FF /* QuartzCore.framework in Frameworks */ = {isa = PBXBuildFile; fileRef = 6D41B3241A2358B400DC79FF /* QuartzCore.framework */; };
		6D41B3281A237C8300DC79FF /* ImageTableViewCell.m in Sources */ = {isa = PBXBuildFile; fileRef = 6D41B3271A237C8300DC79FF /* ImageTableViewCell.m */; };
		6D41B32B1A237F8100DC79FF /* UIImage+Resize.m in Sources */ = {isa = PBXBuildFile; fileRef = 6D41B32A1A237F8100DC79FF /* UIImage+Resize.m */; };
		6D41B32E1A2380D800DC79FF /* MainTabBarController.m in Sources */ = {isa = PBXBuildFile; fileRef = 6D41B32D1A2380D800DC79FF /* MainTabBarController.m */; };
		6D41B3321A23856900DC79FF /* LoginViewController.m in Sources */ = {isa = PBXBuildFile; fileRef = 6D41B3301A23856900DC79FF /* LoginViewController.m */; };
		6D41B3361A2389A700DC79FF /* SecretKey.m in Sources */ = {isa = PBXBuildFile; fileRef = 6D41B3351A2389A700DC79FF /* SecretKey.m */; };
/* End PBXBuildFile section */

/* Begin PBXContainerItemProxy section */
		6D41B3061A232A9300DC79FF /* PBXContainerItemProxy */ = {
			isa = PBXContainerItemProxy;
			containerPortal = 6D41B2D51A232A9300DC79FF /* Project object */;
			proxyType = 1;
			remoteGlobalIDString = 6D41B2DC1A232A9300DC79FF;
			remoteInfo = ephoto;
		};
/* End PBXContainerItemProxy section */

/* Begin PBXFileReference section */
		6D41B2DD1A232A9300DC79FF /* ephoto.app */ = {isa = PBXFileReference; explicitFileType = wrapper.application; includeInIndex = 0; path = ephoto.app; sourceTree = BUILT_PRODUCTS_DIR; };
		6D41B2E01A232A9300DC79FF /* Foundation.framework */ = {isa = PBXFileReference; lastKnownFileType = wrapper.framework; name = Foundation.framework; path = System/Library/Frameworks/Foundation.framework; sourceTree = SDKROOT; };
		6D41B2E21A232A9300DC79FF /* CoreGraphics.framework */ = {isa = PBXFileReference; lastKnownFileType = wrapper.framework; name = CoreGraphics.framework; path = System/Library/Frameworks/CoreGraphics.framework; sourceTree = SDKROOT; };
		6D41B2E41A232A9300DC79FF /* UIKit.framework */ = {isa = PBXFileReference; lastKnownFileType = wrapper.framework; name = UIKit.framework; path = System/Library/Frameworks/UIKit.framework; sourceTree = SDKROOT; };
		6D41B2E81A232A9300DC79FF /* ephoto-Info.plist */ = {isa = PBXFileReference; lastKnownFileType = text.plist.xml; path = "ephoto-Info.plist"; sourceTree = "<group>"; };
		6D41B2EA1A232A9300DC79FF /* en */ = {isa = PBXFileReference; lastKnownFileType = text.plist.strings; name = en; path = en.lproj/InfoPlist.strings; sourceTree = "<group>"; };
		6D41B2EC1A232A9300DC79FF /* main.m */ = {isa = PBXFileReference; lastKnownFileType = sourcecode.c.objc; path = main.m; sourceTree = "<group>"; };
		6D41B2EE1A232A9300DC79FF /* ephoto-Prefix.pch */ = {isa = PBXFileReference; lastKnownFileType = sourcecode.c.h; path = "ephoto-Prefix.pch"; sourceTree = "<group>"; };
		6D41B2EF1A232A9300DC79FF /* AppDelegate.h */ = {isa = PBXFileReference; lastKnownFileType = sourcecode.c.h; path = AppDelegate.h; sourceTree = "<group>"; };
		6D41B2F01A232A9300DC79FF /* AppDelegate.m */ = {isa = PBXFileReference; lastKnownFileType = sourcecode.c.objc; path = AppDelegate.m; sourceTree = "<group>"; };
		6D41B2F31A232A9300DC79FF /* Base */ = {isa = PBXFileReference; lastKnownFileType = file.storyboard; name = Base; path = Base.lproj/Main.storyboard; sourceTree = "<group>"; };
		6D41B2F51A232A9300DC79FF /* LocalViewController.h */ = {isa = PBXFileReference; lastKnownFileType = sourcecode.c.h; path = LocalViewController.h; sourceTree = "<group>"; };
		6D41B2F61A232A9300DC79FF /* LocalViewController.m */ = {isa = PBXFileReference; lastKnownFileType = sourcecode.c.objc; path = LocalViewController.m; sourceTree = "<group>"; };
		6D41B2F81A232A9300DC79FF /* CloudViewController.h */ = {isa = PBXFileReference; lastKnownFileType = sourcecode.c.h; path = CloudViewController.h; sourceTree = "<group>"; };
		6D41B2F91A232A9300DC79FF /* CloudViewController.m */ = {isa = PBXFileReference; lastKnownFileType = sourcecode.c.objc; path = CloudViewController.m; sourceTree = "<group>"; };
		6D41B2FB1A232A9300DC79FF /* Images.xcassets */ = {isa = PBXFileReference; lastKnownFileType = folder.assetcatalog; path = Images.xcassets; sourceTree = "<group>"; };
		6D41B3011A232A9300DC79FF /* ephotoTests.xctest */ = {isa = PBXFileReference; explicitFileType = wrapper.cfbundle; includeInIndex = 0; path = ephotoTests.xctest; sourceTree = BUILT_PRODUCTS_DIR; };
		6D41B3021A232A9300DC79FF /* XCTest.framework */ = {isa = PBXFileReference; lastKnownFileType = wrapper.framework; name = XCTest.framework; path = Library/Frameworks/XCTest.framework; sourceTree = DEVELOPER_DIR; };
		6D41B30A1A232A9300DC79FF /* ephotoTests-Info.plist */ = {isa = PBXFileReference; lastKnownFileType = text.plist.xml; path = "ephotoTests-Info.plist"; sourceTree = "<group>"; };
		6D41B30C1A232A9300DC79FF /* en */ = {isa = PBXFileReference; lastKnownFileType = text.plist.strings; name = en; path = en.lproj/InfoPlist.strings; sourceTree = "<group>"; };
		6D41B30E1A232A9300DC79FF /* ephotoTests.m */ = {isa = PBXFileReference; lastKnownFileType = sourcecode.c.objc; path = ephotoTests.m; sourceTree = "<group>"; };
		6D41B3181A23579A00DC79FF /* Dropbox.framework */ = {isa = PBXFileReference; lastKnownFileType = wrapper.framework; path = Dropbox.framework; sourceTree = "<group>"; };
		6D41B31A1A2357C200DC79FF /* CFNetwork.framework */ = {isa = PBXFileReference; lastKnownFileType = wrapper.framework; name = CFNetwork.framework; path = System/Library/Frameworks/CFNetwork.framework; sourceTree = SDKROOT; };
		6D41B31C1A2357CA00DC79FF /* libc++.dylib */ = {isa = PBXFileReference; lastKnownFileType = "compiled.mach-o.dylib"; name = "libc++.dylib"; path = "usr/lib/libc++.dylib"; sourceTree = SDKROOT; };
		6D41B31E1A2357D100DC79FF /* libz.dylib */ = {isa = PBXFileReference; lastKnownFileType = "compiled.mach-o.dylib"; name = libz.dylib; path = usr/lib/libz.dylib; sourceTree = SDKROOT; };
		6D41B3201A2358A400DC79FF /* Security.framework */ = {isa = PBXFileReference; lastKnownFileType = wrapper.framework; name = Security.framework; path = System/Library/Frameworks/Security.framework; sourceTree = SDKROOT; };
		6D41B3221A2358AD00DC79FF /* SystemConfiguration.framework */ = {isa = PBXFileReference; lastKnownFileType = wrapper.framework; name = SystemConfiguration.framework; path = System/Library/Frameworks/SystemConfiguration.framework; sourceTree = SDKROOT; };
		6D41B3241A2358B400DC79FF /* QuartzCore.framework */ = {isa = PBXFileReference; lastKnownFileType = wrapper.framework; name = QuartzCore.framework; path = System/Library/Frameworks/QuartzCore.framework; sourceTree = SDKROOT; };
		6D41B3261A237C8300DC79FF /* ImageTableViewCell.h */ = {isa = PBXFileReference; fileEncoding = 4; lastKnownFileType = sourcecode.c.h; path = ImageTableViewCell.h; sourceTree = "<group>"; };
		6D41B3271A237C8300DC79FF /* ImageTableViewCell.m */ = {isa = PBXFileReference; fileEncoding = 4; lastKnownFileType = sourcecode.c.objc; path = ImageTableViewCell.m; sourceTree = "<group>"; };
		6D41B3291A237F8100DC79FF /* UIImage+Resize.h */ = {isa = PBXFileReference; fileEncoding = 4; lastKnownFileType = sourcecode.c.h; path = "UIImage+Resize.h"; sourceTree = "<group>"; };
		6D41B32A1A237F8100DC79FF /* UIImage+Resize.m */ = {isa = PBXFileReference; fileEncoding = 4; lastKnownFileType = sourcecode.c.objc; path = "UIImage+Resize.m"; sourceTree = "<group>"; };
		6D41B32C1A2380D800DC79FF /* MainTabBarController.h */ = {isa = PBXFileReference; fileEncoding = 4; lastKnownFileType = sourcecode.c.h; path = MainTabBarController.h; sourceTree = "<group>"; };
		6D41B32D1A2380D800DC79FF /* MainTabBarController.m */ = {isa = PBXFileReference; fileEncoding = 4; lastKnownFileType = sourcecode.c.objc; path = MainTabBarController.m; sourceTree = "<group>"; };
		6D41B32F1A23856900DC79FF /* LoginViewController.h */ = {isa = PBXFileReference; fileEncoding = 4; lastKnownFileType = sourcecode.c.h; path = LoginViewController.h; sourceTree = "<group>"; };
		6D41B3301A23856900DC79FF /* LoginViewController.m */ = {isa = PBXFileReference; fileEncoding = 4; lastKnownFileType = sourcecode.c.objc; path = LoginViewController.m; sourceTree = "<group>"; };
		6D41B3341A2389A700DC79FF /* SecretKey.h */ = {isa = PBXFileReference; fileEncoding = 4; lastKnownFileType = sourcecode.c.h; path = SecretKey.h; sourceTree = "<group>"; };
		6D41B3351A2389A700DC79FF /* SecretKey.m */ = {isa = PBXFileReference; fileEncoding = 4; lastKnownFileType = sourcecode.c.objc; path = SecretKey.m; sourceTree = "<group>"; };
/* End PBXFileReference section */

/* Begin PBXFrameworksBuildPhase section */
		6D41B2DA1A232A9300DC79FF /* Frameworks */ = {
			isa = PBXFrameworksBuildPhase;
			buildActionMask = 2147483647;
			files = (
				6D41B3251A2358B400DC79FF /* QuartzCore.framework in Frameworks */,
				6D41B3231A2358AD00DC79FF /* SystemConfiguration.framework in Frameworks */,
				6D41B3211A2358A400DC79FF /* Security.framework in Frameworks */,
				6D41B31F1A2357D100DC79FF /* libz.dylib in Frameworks */,
				6D41B31D1A2357CA00DC79FF /* libc++.dylib in Frameworks */,
				6D41B31B1A2357C200DC79FF /* CFNetwork.framework in Frameworks */,
				6D41B2E31A232A9300DC79FF /* CoreGraphics.framework in Frameworks */,
				6D41B2E51A232A9300DC79FF /* UIKit.framework in Frameworks */,
				6D41B2E11A232A9300DC79FF /* Foundation.framework in Frameworks */,
				6D41B3191A23579A00DC79FF /* Dropbox.framework in Frameworks */,
			);
			runOnlyForDeploymentPostprocessing = 0;
		};
		6D41B2FE1A232A9300DC79FF /* Frameworks */ = {
			isa = PBXFrameworksBuildPhase;
			buildActionMask = 2147483647;
			files = (
				6D41B3031A232A9300DC79FF /* XCTest.framework in Frameworks */,
				6D41B3051A232A9300DC79FF /* UIKit.framework in Frameworks */,
				6D41B3041A232A9300DC79FF /* Foundation.framework in Frameworks */,
			);
			runOnlyForDeploymentPostprocessing = 0;
		};
/* End PBXFrameworksBuildPhase section */

/* Begin PBXGroup section */
		6D41B2D41A232A9300DC79FF = {
			isa = PBXGroup;
			children = (
				6D41B2E61A232A9300DC79FF /* ephoto */,
				6D41B3081A232A9300DC79FF /* ephotoTests */,
				6D41B2DF1A232A9300DC79FF /* Frameworks */,
				6D41B2DE1A232A9300DC79FF /* Products */,
			);
			sourceTree = "<group>";
		};
		6D41B2DE1A232A9300DC79FF /* Products */ = {
			isa = PBXGroup;
			children = (
				6D41B2DD1A232A9300DC79FF /* ephoto.app */,
				6D41B3011A232A9300DC79FF /* ephotoTests.xctest */,
			);
			name = Products;
			sourceTree = "<group>";
		};
		6D41B2DF1A232A9300DC79FF /* Frameworks */ = {
			isa = PBXGroup;
			children = (
				6D41B3241A2358B400DC79FF /* QuartzCore.framework */,
				6D41B3221A2358AD00DC79FF /* SystemConfiguration.framework */,
				6D41B3201A2358A400DC79FF /* Security.framework */,
				6D41B31E1A2357D100DC79FF /* libz.dylib */,
				6D41B31C1A2357CA00DC79FF /* libc++.dylib */,
				6D41B31A1A2357C200DC79FF /* CFNetwork.framework */,
				6D41B3181A23579A00DC79FF /* Dropbox.framework */,
				6D41B2E01A232A9300DC79FF /* Foundation.framework */,
				6D41B2E21A232A9300DC79FF /* CoreGraphics.framework */,
				6D41B2E41A232A9300DC79FF /* UIKit.framework */,
				6D41B3021A232A9300DC79FF /* XCTest.framework */,
			);
			name = Frameworks;
			sourceTree = "<group>";
		};
		6D41B2E61A232A9300DC79FF /* ephoto */ = {
			isa = PBXGroup;
			children = (
				6D41B2EF1A232A9300DC79FF /* AppDelegate.h */,
				6D41B2F01A232A9300DC79FF /* AppDelegate.m */,
				6D41B2F21A232A9300DC79FF /* Main.storyboard */,
				6D41B3261A237C8300DC79FF /* ImageTableViewCell.h */,
				6D41B3271A237C8300DC79FF /* ImageTableViewCell.m */,
				6D41B2F51A232A9300DC79FF /* LocalViewController.h */,
				6D41B2F61A232A9300DC79FF /* LocalViewController.m */,
				6D41B3291A237F8100DC79FF /* UIImage+Resize.h */,
				6D41B32A1A237F8100DC79FF /* UIImage+Resize.m */,
				6D41B2F81A232A9300DC79FF /* CloudViewController.h */,
				6D41B2F91A232A9300DC79FF /* CloudViewController.m */,
				6D41B32C1A2380D800DC79FF /* MainTabBarController.h */,
				6D41B32D1A2380D800DC79FF /* MainTabBarController.m */,
				6D41B32F1A23856900DC79FF /* LoginViewController.h */,
				6D41B3301A23856900DC79FF /* LoginViewController.m */,
				6D41B3341A2389A700DC79FF /* SecretKey.h */,
				6D41B3351A2389A700DC79FF /* SecretKey.m */,
				6D41B2FB1A232A9300DC79FF /* Images.xcassets */,
				6D41B2E71A232A9300DC79FF /* Supporting Files */,
			);
			path = ephoto;
			sourceTree = "<group>";
		};
		6D41B2E71A232A9300DC79FF /* Supporting Files */ = {
			isa = PBXGroup;
			children = (
				6D41B2E81A232A9300DC79FF /* ephoto-Info.plist */,
				6D41B2E91A232A9300DC79FF /* InfoPlist.strings */,
				6D41B2EC1A232A9300DC79FF /* main.m */,
				6D41B2EE1A232A9300DC79FF /* ephoto-Prefix.pch */,
			);
			name = "Supporting Files";
			sourceTree = "<group>";
		};
		6D41B3081A232A9300DC79FF /* ephotoTests */ = {
			isa = PBXGroup;
			children = (
				6D41B30E1A232A9300DC79FF /* ephotoTests.m */,
				6D41B3091A232A9300DC79FF /* Supporting Files */,
			);
			path = ephotoTests;
			sourceTree = "<group>";
		};
		6D41B3091A232A9300DC79FF /* Supporting Files */ = {
			isa = PBXGroup;
			children = (
				6D41B30A1A232A9300DC79FF /* ephotoTests-Info.plist */,
				6D41B30B1A232A9300DC79FF /* InfoPlist.strings */,
			);
			name = "Supporting Files";
			sourceTree = "<group>";
		};
/* End PBXGroup section */

/* Begin PBXNativeTarget section */
		6D41B2DC1A232A9300DC79FF /* ephoto */ = {
			isa = PBXNativeTarget;
			buildConfigurationList = 6D41B3121A232A9300DC79FF /* Build configuration list for PBXNativeTarget "ephoto" */;
			buildPhases = (
				6D41B2D91A232A9300DC79FF /* Sources */,
				6D41B2DA1A232A9300DC79FF /* Frameworks */,
				6D41B2DB1A232A9300DC79FF /* Resources */,
			);
			buildRules = (
			);
			dependencies = (
			);
			name = ephoto;
			productName = ephoto;
			productReference = 6D41B2DD1A232A9300DC79FF /* ephoto.app */;
			productType = "com.apple.product-type.application";
		};
		6D41B3001A232A9300DC79FF /* ephotoTests */ = {
			isa = PBXNativeTarget;
			buildConfigurationList = 6D41B3151A232A9400DC79FF /* Build configuration list for PBXNativeTarget "ephotoTests" */;
			buildPhases = (
				6D41B2FD1A232A9300DC79FF /* Sources */,
				6D41B2FE1A232A9300DC79FF /* Frameworks */,
				6D41B2FF1A232A9300DC79FF /* Resources */,
			);
			buildRules = (
			);
			dependencies = (
				6D41B3071A232A9300DC79FF /* PBXTargetDependency */,
			);
			name = ephotoTests;
			productName = ephotoTests;
			productReference = 6D41B3011A232A9300DC79FF /* ephotoTests.xctest */;
			productType = "com.apple.product-type.bundle.unit-test";
		};
/* End PBXNativeTarget section */

/* Begin PBXProject section */
		6D41B2D51A232A9300DC79FF /* Project object */ = {
			isa = PBXProject;
			attributes = {
				LastUpgradeCheck = 0510;
				ORGANIZATIONNAME = beetle;
				TargetAttributes = {
					6D41B3001A232A9300DC79FF = {
						TestTargetID = 6D41B2DC1A232A9300DC79FF;
					};
				};
			};
			buildConfigurationList = 6D41B2D81A232A9300DC79FF /* Build configuration list for PBXProject "ephoto" */;
			compatibilityVersion = "Xcode 3.2";
			developmentRegion = English;
			hasScannedForEncodings = 0;
			knownRegions = (
				en,
				Base,
			);
			mainGroup = 6D41B2D41A232A9300DC79FF;
			productRefGroup = 6D41B2DE1A232A9300DC79FF /* Products */;
			projectDirPath = "";
			projectRoot = "";
			targets = (
				6D41B2DC1A232A9300DC79FF /* ephoto */,
				6D41B3001A232A9300DC79FF /* ephotoTests */,
			);
		};
/* End PBXProject section */

/* Begin PBXResourcesBuildPhase section */
		6D41B2DB1A232A9300DC79FF /* Resources */ = {
			isa = PBXResourcesBuildPhase;
			buildActionMask = 2147483647;
			files = (
				6D41B2FC1A232A9300DC79FF /* Images.xcassets in Resources */,
				6D41B2EB1A232A9300DC79FF /* InfoPlist.strings in Resources */,
				6D41B2F41A232A9300DC79FF /* Main.storyboard in Resources */,
			);
			runOnlyForDeploymentPostprocessing = 0;
		};
		6D41B2FF1A232A9300DC79FF /* Resources */ = {
			isa = PBXResourcesBuildPhase;
			buildActionMask = 2147483647;
			files = (
				6D41B30D1A232A9300DC79FF /* InfoPlist.strings in Resources */,
			);
			runOnlyForDeploymentPostprocessing = 0;
		};
/* End PBXResourcesBuildPhase section */

/* Begin PBXSourcesBuildPhase section */
		6D41B2D91A232A9300DC79FF /* Sources */ = {
			isa = PBXSourcesBuildPhase;
			buildActionMask = 2147483647;
			files = (
				6D41B3321A23856900DC79FF /* LoginViewController.m in Sources */,
				6D41B2FA1A232A9300DC79FF /* CloudViewController.m in Sources */,
				6D41B32E1A2380D800DC79FF /* MainTabBarController.m in Sources */,
				6D41B2F11A232A9300DC79FF /* AppDelegate.m in Sources */,
				6D41B3281A237C8300DC79FF /* ImageTableViewCell.m in Sources */,
				6D41B2F71A232A9300DC79FF /* LocalViewController.m in Sources */,
				6D41B3361A2389A700DC79FF /* SecretKey.m in Sources */,
				6D41B2ED1A232A9300DC79FF /* main.m in Sources */,
				6D41B32B1A237F8100DC79FF /* UIImage+Resize.m in Sources */,
			);
			runOnlyForDeploymentPostprocessing = 0;
		};
		6D41B2FD1A232A9300DC79FF /* Sources */ = {
			isa = PBXSourcesBuildPhase;
			buildActionMask = 2147483647;
			files = (
				6D41B30F1A232A9300DC79FF /* ephotoTests.m in Sources */,
			);
			runOnlyForDeploymentPostprocessing = 0;
		};
/* End PBXSourcesBuildPhase section */

/* Begin PBXTargetDependency section */
		6D41B3071A232A9300DC79FF /* PBXTargetDependency */ = {
			isa = PBXTargetDependency;
			target = 6D41B2DC1A232A9300DC79FF /* ephoto */;
			targetProxy = 6D41B3061A232A9300DC79FF /* PBXContainerItemProxy */;
		};
/* End PBXTargetDependency section */

/* Begin PBXVariantGroup section */
		6D41B2E91A232A9300DC79FF /* InfoPlist.strings */ = {
			isa = PBXVariantGroup;
			children = (
				6D41B2EA1A232A9300DC79FF /* en */,
			);
			name = InfoPlist.strings;
			sourceTree = "<group>";
		};
		6D41B2F21A232A9300DC79FF /* Main.storyboard */ = {
			isa = PBXVariantGroup;
			children = (
				6D41B2F31A232A9300DC79FF /* Base */,
			);
			name = Main.storyboard;
			sourceTree = "<group>";
		};
		6D41B30B1A232A9300DC79FF /* InfoPlist.strings */ = {
			isa = PBXVariantGroup;
			children = (
				6D41B30C1A232A9300DC79FF /* en */,
			);
			name = InfoPlist.strings;
			sourceTree = "<group>";
		};
/* End PBXVariantGroup section */

/* Begin XCBuildConfiguration section */
		6D41B3101A232A9300DC79FF /* Debug */ = {
			isa = XCBuildConfiguration;
			buildSettings = {
				ALWAYS_SEARCH_USER_PATHS = NO;
				CLANG_CXX_LANGUAGE_STANDARD = "gnu++0x";
				CLANG_CXX_LIBRARY = "libc++";
				CLANG_ENABLE_MODULES = YES;
				CLANG_ENABLE_OBJC_ARC = YES;
				CLANG_WARN_BOOL_CONVERSION = YES;
				CLANG_WARN_CONSTANT_CONVERSION = YES;
				CLANG_WARN_DIRECT_OBJC_ISA_USAGE = YES_ERROR;
				CLANG_WARN_EMPTY_BODY = YES;
				CLANG_WARN_ENUM_CONVERSION = YES;
				CLANG_WARN_INT_CONVERSION = YES;
				CLANG_WARN_OBJC_ROOT_CLASS = YES_ERROR;
				CLANG_WARN__DUPLICATE_METHOD_MATCH = YES;
				"CODE_SIGN_IDENTITY[sdk=iphoneos*]" = "iPhone Developer";
				COPY_PHASE_STRIP = NO;
				GCC_C_LANGUAGE_STANDARD = gnu99;
				GCC_DYNAMIC_NO_PIC = NO;
				GCC_OPTIMIZATION_LEVEL = 0;
				GCC_PREPROCESSOR_DEFINITIONS = (
					"DEBUG=1",
					"$(inherited)",
				);
				GCC_SYMBOLS_PRIVATE_EXTERN = NO;
				GCC_WARN_64_TO_32_BIT_CONVERSION = YES;
				GCC_WARN_ABOUT_RETURN_TYPE = YES_ERROR;
				GCC_WARN_UNDECLARED_SELECTOR = YES;
				GCC_WARN_UNINITIALIZED_AUTOS = YES_AGGRESSIVE;
				GCC_WARN_UNUSED_FUNCTION = YES;
				GCC_WARN_UNUSED_VARIABLE = YES;
				IPHONEOS_DEPLOYMENT_TARGET = 7.1;
				ONLY_ACTIVE_ARCH = YES;
				SDKROOT = iphoneos;
			};
			name = Debug;
		};
		6D41B3111A232A9300DC79FF /* Release */ = {
			isa = XCBuildConfiguration;
			buildSettings = {
				ALWAYS_SEARCH_USER_PATHS = NO;
				CLANG_CXX_LANGUAGE_STANDARD = "gnu++0x";
				CLANG_CXX_LIBRARY = "libc++";
				CLANG_ENABLE_MODULES = YES;
				CLANG_ENABLE_OBJC_ARC = YES;
				CLANG_WARN_BOOL_CONVERSION = YES;
				CLANG_WARN_CONSTANT_CONVERSION = YES;
				CLANG_WARN_DIRECT_OBJC_ISA_USAGE = YES_ERROR;
				CLANG_WARN_EMPTY_BODY = YES;
				CLANG_WARN_ENUM_CONVERSION = YES;
				CLANG_WARN_INT_CONVERSION = YES;
				CLANG_WARN_OBJC_ROOT_CLASS = YES_ERROR;
				CLANG_WARN__DUPLICATE_METHOD_MATCH = YES;
				"CODE_SIGN_IDENTITY[sdk=iphoneos*]" = "iPhone Developer";
				COPY_PHASE_STRIP = YES;
				ENABLE_NS_ASSERTIONS = NO;
				GCC_C_LANGUAGE_STANDARD = gnu99;
				GCC_WARN_64_TO_32_BIT_CONVERSION = YES;
				GCC_WARN_ABOUT_RETURN_TYPE = YES_ERROR;
				GCC_WARN_UNDECLARED_SELECTOR = YES;
				GCC_WARN_UNINITIALIZED_AUTOS = YES_AGGRESSIVE;
				GCC_WARN_UNUSED_FUNCTION = YES;
				GCC_WARN_UNUSED_VARIABLE = YES;
				IPHONEOS_DEPLOYMENT_TARGET = 7.1;
				SDKROOT = iphoneos;
				VALIDATE_PRODUCT = YES;
			};
			name = Release;
		};
		6D41B3131A232A9300DC79FF /* Debug */ = {
			isa = XCBuildConfiguration;
			buildSettings = {
				ASSETCATALOG_COMPILER_APPICON_NAME = AppIcon;
				ASSETCATALOG_COMPILER_LAUNCHIMAGE_NAME = LaunchImage;
				FRAMEWORK_SEARCH_PATHS = (
					"$(inherited)",
					"$(PROJECT_DIR)",
				);
				GCC_PRECOMPILE_PREFIX_HEADER = YES;
				GCC_PREFIX_HEADER = "ephoto/ephoto-Prefix.pch";
				INFOPLIST_FILE = "ephoto/ephoto-Info.plist";
				PRODUCT_NAME = "$(TARGET_NAME)";
				WRAPPER_EXTENSION = app;
			};
			name = Debug;
		};
		6D41B3141A232A9300DC79FF /* Release */ = {
			isa = XCBuildConfiguration;
			buildSettings = {
				ASSETCATALOG_COMPILER_APPICON_NAME = AppIcon;
				ASSETCATALOG_COMPILER_LAUNCHIMAGE_NAME = LaunchImage;
				FRAMEWORK_SEARCH_PATHS = (
					"$(inherited)",
					"$(PROJECT_DIR)",
				);
				GCC_PRECOMPILE_PREFIX_HEADER = YES;
				GCC_PREFIX_HEADER = "ephoto/ephoto-Prefix.pch";
				INFOPLIST_FILE = "ephoto/ephoto-Info.plist";
				PRODUCT_NAME = "$(TARGET_NAME)";
				WRAPPER_EXTENSION = app;
			};
			name = Release;
		};
		6D41B3161A232A9400DC79FF /* Debug */ = {
			isa = XCBuildConfiguration;
			buildSettings = {
				BUNDLE_LOADER = "$(BUILT_PRODUCTS_DIR)/ephoto.app/ephoto";
				FRAMEWORK_SEARCH_PATHS = (
					"$(SDKROOT)/Developer/Library/Frameworks",
					"$(inherited)",
					"$(DEVELOPER_FRAMEWORKS_DIR)",
				);
				GCC_PRECOMPILE_PREFIX_HEADER = YES;
				GCC_PREFIX_HEADER = "ephoto/ephoto-Prefix.pch";
				GCC_PREPROCESSOR_DEFINITIONS = (
					"DEBUG=1",
					"$(inherited)",
				);
				INFOPLIST_FILE = "ephotoTests/ephotoTests-Info.plist";
				PRODUCT_NAME = "$(TARGET_NAME)";
				TEST_HOST = "$(BUNDLE_LOADER)";
				WRAPPER_EXTENSION = xctest;
			};
			name = Debug;
		};
		6D41B3171A232A9400DC79FF /* Release */ = {
			isa = XCBuildConfiguration;
			buildSettings = {
				BUNDLE_LOADER = "$(BUILT_PRODUCTS_DIR)/ephoto.app/ephoto";
				FRAMEWORK_SEARCH_PATHS = (
					"$(SDKROOT)/Developer/Library/Frameworks",
					"$(inherited)",
					"$(DEVELOPER_FRAMEWORKS_DIR)",
				);
				GCC_PRECOMPILE_PREFIX_HEADER = YES;
				GCC_PREFIX_HEADER = "ephoto/ephoto-Prefix.pch";
				INFOPLIST_FILE = "ephotoTests/ephotoTests-Info.plist";
				PRODUCT_NAME = "$(TARGET_NAME)";
				TEST_HOST = "$(BUNDLE_LOADER)";
				WRAPPER_EXTENSION = xctest;
			};
			name = Release;
		};
/* End XCBuildConfiguration section */

/* Begin XCConfigurationList section */
		6D41B2D81A232A9300DC79FF /* Build configuration list for PBXProject "ephoto" */ = {
			isa = XCConfigurationList;
			buildConfigurations = (
				6D41B3101A232A9300DC79FF /* Debug */,
				6D41B3111A232A9300DC79FF /* Release */,
			);
			defaultConfigurationIsVisible = 0;
			defaultConfigurationName = Release;
		};
		6D41B3121A232A9300DC79FF /* Build configuration list for PBXNativeTarget "ephoto" */ = {
			isa = XCConfigurationList;
			buildConfigurations = (
				6D41B3131A232A9300DC79FF /* Debug */,
				6D41B3141A232A9300DC79FF /* Release */,
			);
			defaultConfigurationIsVisible = 0;
		};
		6D41B3151A232A9400DC79FF /* Build configuration list for PBXNativeTarget "ephotoTests" */ = {
			isa = XCConfigurationList;
			buildConfigurations = (
				6D41B3161A232A9400DC79FF /* Debug */,
				6D41B3171A232A9400DC79FF /* Release */,
			);
			defaultConfigurationIsVisible = 0;
		};
/* End XCConfigurationList section */
	};
	rootObject = 6D41B2D51A232A9300DC79FF /* Project object */;
}
